
Microsoft Visual Studio Solution File, Format Version 12.00
# Visual Studio Version 17
VisualStudioVersion = 17.8.34525.116
MinimumVisualStudioVersion = 10.0.40219.1
Project("{8BC9CEB8-8B4A-11D0-8D11-00A0C91BC942}") = "LightList", "LightList\LightList.vcxproj", "{69FE549E-A9EA-4EEB-B710-A2ED4D407D0B}"
EndProject
Global
	GlobalSection(SolutionConfigurationPlatforms) = preSolution
		Debug|x64 = Debug|x64
		Debug|x86 = Debug|x86
		Release|x64 = Release|x64
		Release|x86 = Release|x86
	EndGlobalSection
	GlobalSection(ProjectConfigurationPlatforms) = postSolution
		{69FE549E-A9EA-4EEB-B710-A2ED4D407D0B}.Debug|x64.ActiveCfg = Debug|x64
		{69FE549E-A9EA-4EEB-B710-A2ED4D407D0B}.Debug|x64.Build.0 = Debug|x64
		{69FE549E-A9EA-4EEB-B710-A2ED4D407D0B}.Debug|x86.ActiveCfg = Debug|Win32
		{69FE549E-A9EA-4EEB-B710-A2ED4D407D0B}.Debug|x86.Build.0 = Debug|Win32
		{69FE549E-A9EA-4EEB-B710-A2ED4D407D0B}.Release|x64.ActiveCfg = Release|x64
		{69FE549E-A9EA-4EEB-B710-A2ED4D407D0B}.Release|x64.Build.0 = Release|x64
		{69FE549E-A9EA-4EEB-B710-A2ED4D407D0B}.Release|x86.ActiveCfg = Release|Win32
		{69FE549E-A9EA-4EEB-B710-A2ED4D407D0B}.Release|x86.Build.0 = Release|Win32
	EndGlobalSection
	GlobalSection(SolutionProperties) = preSolution
		HideSolutionNode = FALSE
	EndGlobalSection
	GlobalSection(ExtensibilityGlobals) = postSolution
		SolutionGuid = {49429BED-3A20-43E5-9C3F-A62F8C10F0BE}
	EndGlobalSection
EndGlobal
